// !$*UTF8*$!
{
	archiveVersion = 1;
	classes = {
	};
	objectVersion = 46;
	objects = {

/* Begin PBXBuildFile section */
		18468AAC1924928C00F90480 /* Foundation.framework in Frameworks */ = {isa = PBXBuildFile; fileRef = 18468AAB1924928C00F90480 /* Foundation.framework */; };
		18468AAE1924928C00F90480 /* CoreGraphics.framework in Frameworks */ = {isa = PBXBuildFile; fileRef = 18468AAD1924928C00F90480 /* CoreGraphics.framework */; };
		18468AB01924928C00F90480 /* UIKit.framework in Frameworks */ = {isa = PBXBuildFile; fileRef = 18468AAF1924928C00F90480 /* UIKit.framework */; };
		18468AB61924928C00F90480 /* InfoPlist.strings in Resources */ = {isa = PBXBuildFile; fileRef = 18468AB41924928C00F90480 /* InfoPlist.strings */; };
		18468AB81924928C00F90480 /* main.m in Sources */ = {isa = PBXBuildFile; fileRef = 18468AB71924928C00F90480 /* main.m */; };
		18468ABC1924928C00F90480 /* IPAppDelegate.m in Sources */ = {isa = PBXBuildFile; fileRef = 18468ABB1924928C00F90480 /* IPAppDelegate.m */; };
		18468ABF1924928C00F90480 /* Main.storyboard in Resources */ = {isa = PBXBuildFile; fileRef = 18468ABD1924928C00F90480 /* Main.storyboard */; };
		18468AC21924928D00F90480 /* IPViewController.m in Sources */ = {isa = PBXBuildFile; fileRef = 18468AC11924928D00F90480 /* IPViewController.m */; };
		18468AC41924928D00F90480 /* Images.xcassets in Resources */ = {isa = PBXBuildFile; fileRef = 18468AC31924928D00F90480 /* Images.xcassets */; };
		18468ACB1924928D00F90480 /* XCTest.framework in Frameworks */ = {isa = PBXBuildFile; fileRef = 18468ACA1924928D00F90480 /* XCTest.framework */; };
		18468ACC1924928D00F90480 /* Foundation.framework in Frameworks */ = {isa = PBXBuildFile; fileRef = 18468AAB1924928C00F90480 /* Foundation.framework */; };
		18468ACD1924928D00F90480 /* UIKit.framework in Frameworks */ = {isa = PBXBuildFile; fileRef = 18468AAF1924928C00F90480 /* UIKit.framework */; };
		18468AD51924928D00F90480 /* InfoPlist.strings in Resources */ = {isa = PBXBuildFile; fileRef = 18468AD31924928D00F90480 /* InfoPlist.strings */; };
		18468AD71924928D00F90480 /* IPSqueezableViewControllerTests.m in Sources */ = {isa = PBXBuildFile; fileRef = 18468AD61924928D00F90480 /* IPSqueezableViewControllerTests.m */; };
		18996C751927410C00F547D5 /* IPNavBarSqueezableViewController.h in Sources */ = {isa = PBXBuildFile; fileRef = 18996C731927410C00F547D5 /* IPNavBarSqueezableViewController.h */; };
		18996C761927410C00F547D5 /* IPNavBarSqueezableViewController.m in Sources */ = {isa = PBXBuildFile; fileRef = 18996C741927410C00F547D5 /* IPNavBarSqueezableViewController.m */; };
		18996C7C1927415200F547D5 /* backButton.png in Resources */ = {isa = PBXBuildFile; fileRef = 18996C781927415200F547D5 /* backButton.png */; };
		18996C7D1927415200F547D5 /* backButton@2x.png in Resources */ = {isa = PBXBuildFile; fileRef = 18996C791927415200F547D5 /* backButton@2x.png */; };
		18996C7E1927415200F547D5 /* invisibleBackButton.png in Resources */ = {isa = PBXBuildFile; fileRef = 18996C7A1927415200F547D5 /* invisibleBackButton.png */; };
		18996C7F1927415200F547D5 /* invisibleBackButton@2x.png in Resources */ = {isa = PBXBuildFile; fileRef = 18996C7B1927415200F547D5 /* invisibleBackButton@2x.png */; };
/* End PBXBuildFile section */

/* Begin PBXContainerItemProxy section */
		18468ACE1924928D00F90480 /* PBXContainerItemProxy */ = {
			isa = PBXContainerItemProxy;
			containerPortal = 18468AA01924928C00F90480 /* Project object */;
			proxyType = 1;
			remoteGlobalIDString = 18468AA71924928C00F90480;
			remoteInfo = IPSqueezableViewController;
		};
/* End PBXContainerItemProxy section */

/* Begin PBXFileReference section */
		18468AA81924928C00F90480 /* IPSqueezableViewController.app */ = {isa = PBXFileReference; explicitFileType = wrapper.application; includeInIndex = 0; path = IPSqueezableViewController.app; sourceTree = BUILT_PRODUCTS_DIR; };
		18468AAB1924928C00F90480 /* Foundation.framework */ = {isa = PBXFileReference; lastKnownFileType = wrapper.framework; name = Foundation.framework; path = System/Library/Frameworks/Foundation.framework; sourceTree = SDKROOT; };
		18468AAD1924928C00F90480 /* CoreGraphics.framework */ = {isa = PBXFileReference; lastKnownFileType = wrapper.framework; name = CoreGraphics.framework; path = System/Library/Frameworks/CoreGraphics.framework; sourceTree = SDKROOT; };
		18468AAF1924928C00F90480 /* UIKit.framework */ = {isa = PBXFileReference; lastKnownFileType = wrapper.framework; name = UIKit.framework; path = System/Library/Frameworks/UIKit.framework; sourceTree = SDKROOT; };
		18468AB31924928C00F90480 /* IPSqueezableViewController-Info.plist */ = {isa = PBXFileReference; lastKnownFileType = text.plist.xml; path = "IPSqueezableViewController-Info.plist"; sourceTree = "<group>"; };
		18468AB51924928C00F90480 /* en */ = {isa = PBXFileReference; lastKnownFileType = text.plist.strings; name = en; path = en.lproj/InfoPlist.strings; sourceTree = "<group>"; };
		18468AB71924928C00F90480 /* main.m */ = {isa = PBXFileReference; lastKnownFileType = sourcecode.c.objc; path = main.m; sourceTree = "<group>"; };
		18468AB91924928C00F90480 /* IPSqueezableViewController-Prefix.pch */ = {isa = PBXFileReference; lastKnownFileType = sourcecode.c.h; path = "IPSqueezableViewController-Prefix.pch"; sourceTree = "<group>"; };
		18468ABA1924928C00F90480 /* IPAppDelegate.h */ = {isa = PBXFileReference; lastKnownFileType = sourcecode.objj.h; path = IPAppDelegate.h; sourceTree = "<group>"; };
		18468ABB1924928C00F90480 /* IPAppDelegate.m */ = {isa = PBXFileReference; lastKnownFileType = sourcecode.c.objc; path = IPAppDelegate.m; sourceTree = "<group>"; };
		18468ABE1924928C00F90480 /* Base */ = {isa = PBXFileReference; lastKnownFileType = file.storyboard; name = Base; path = Base.lproj/Main.storyboard; sourceTree = "<group>"; };
		18468AC01924928D00F90480 /* IPViewController.h */ = {isa = PBXFileReference; lastKnownFileType = sourcecode.objj.h; path = IPViewController.h; sourceTree = "<group>"; };
		18468AC11924928D00F90480 /* IPViewController.m */ = {isa = PBXFileReference; lastKnownFileType = sourcecode.c.objc; path = IPViewController.m; sourceTree = "<group>"; };
		18468AC31924928D00F90480 /* Images.xcassets */ = {isa = PBXFileReference; lastKnownFileType = folder.assetcatalog; path = Images.xcassets; sourceTree = "<group>"; };
		18468AC91924928D00F90480 /* IPSqueezableViewControllerTests.xctest */ = {isa = PBXFileReference; explicitFileType = wrapper.cfbundle; includeInIndex = 0; path = IPSqueezableViewControllerTests.xctest; sourceTree = BUILT_PRODUCTS_DIR; };
		18468ACA1924928D00F90480 /* XCTest.framework */ = {isa = PBXFileReference; lastKnownFileType = wrapper.framework; name = XCTest.framework; path = Library/Frameworks/XCTest.framework; sourceTree = DEVELOPER_DIR; };
		18468AD21924928D00F90480 /* IPSqueezableViewControllerTests-Info.plist */ = {isa = PBXFileReference; lastKnownFileType = text.plist.xml; path = "IPSqueezableViewControllerTests-Info.plist"; sourceTree = "<group>"; };
		18468AD41924928D00F90480 /* en */ = {isa = PBXFileReference; lastKnownFileType = text.plist.strings; name = en; path = en.lproj/InfoPlist.strings; sourceTree = "<group>"; };
		18468AD61924928D00F90480 /* IPSqueezableViewControllerTests.m */ = {isa = PBXFileReference; lastKnownFileType = sourcecode.c.objc; path = IPSqueezableViewControllerTests.m; sourceTree = "<group>"; };
		18996C731927410C00F547D5 /* IPNavBarSqueezableViewController.h */ = {isa = PBXFileReference; fileEncoding = 4; lastKnownFileType = sourcecode.objj.h; path = IPNavBarSqueezableViewController.h; sourceTree = "<group>"; };
		18996C741927410C00F547D5 /* IPNavBarSqueezableViewController.m */ = {isa = PBXFileReference; fileEncoding = 4; lastKnownFileType = sourcecode.c.objc; path = IPNavBarSqueezableViewController.m; sourceTree = "<group>"; };
		18996C781927415200F547D5 /* backButton.png */ = {isa = PBXFileReference; lastKnownFileType = image.png; path = backButton.png; sourceTree = "<group>"; };
		18996C791927415200F547D5 /* backButton@2x.png */ = {isa = PBXFileReference; lastKnownFileType = image.png; path = "backButton@2x.png"; sourceTree = "<group>"; };
		18996C7A1927415200F547D5 /* invisibleBackButton.png */ = {isa = PBXFileReference; lastKnownFileType = image.png; path = invisibleBackButton.png; sourceTree = "<group>"; };
		18996C7B1927415200F547D5 /* invisibleBackButton@2x.png */ = {isa = PBXFileReference; lastKnownFileType = image.png; path = "invisibleBackButton@2x.png"; sourceTree = "<group>"; };
/* End PBXFileReference section */

/* Begin PBXFrameworksBuildPhase section */
		18468AA51924928C00F90480 /* Frameworks */ = {
			isa = PBXFrameworksBuildPhase;
			buildActionMask = 2147483647;
			files = (
				18468AAE1924928C00F90480 /* CoreGraphics.framework in Frameworks */,
				18468AB01924928C00F90480 /* UIKit.framework in Frameworks */,
				18468AAC1924928C00F90480 /* Foundation.framework in Frameworks */,
			);
			runOnlyForDeploymentPostprocessing = 0;
		};
		18468AC61924928D00F90480 /* Frameworks */ = {
			isa = PBXFrameworksBuildPhase;
			buildActionMask = 2147483647;
			files = (
				18468ACB1924928D00F90480 /* XCTest.framework in Frameworks */,
				18468ACD1924928D00F90480 /* UIKit.framework in Frameworks */,
				18468ACC1924928D00F90480 /* Foundation.framework in Frameworks */,
			);
			runOnlyForDeploymentPostprocessing = 0;
		};
/* End PBXFrameworksBuildPhase section */

/* Begin PBXGroup section */
		18468A9F1924928C00F90480 = {
			isa = PBXGroup;
			children = (
				18468AB11924928C00F90480 /* IPSqueezableViewController */,
				18468AD01924928D00F90480 /* IPSqueezableViewControllerTests */,
				18468AAA1924928C00F90480 /* Frameworks */,
				18468AA91924928C00F90480 /* Products */,
			);
			sourceTree = "<group>";
		};
		18468AA91924928C00F90480 /* Products */ = {
			isa = PBXGroup;
			children = (
				18468AA81924928C00F90480 /* IPSqueezableViewController.app */,
				18468AC91924928D00F90480 /* IPSqueezableViewControllerTests.xctest */,
			);
			name = Products;
			sourceTree = "<group>";
		};
		18468AAA1924928C00F90480 /* Frameworks */ = {
			isa = PBXGroup;
			children = (
				18468AAB1924928C00F90480 /* Foundation.framework */,
				18468AAD1924928C00F90480 /* CoreGraphics.framework */,
				18468AAF1924928C00F90480 /* UIKit.framework */,
				18468ACA1924928D00F90480 /* XCTest.framework */,
			);
			name = Frameworks;
			sourceTree = "<group>";
		};
		18468AB11924928C00F90480 /* IPSqueezableViewController */ = {
			isa = PBXGroup;
			children = (
				18996C721927410C00F547D5 /* Classes */,
				18468ABA1924928C00F90480 /* IPAppDelegate.h */,
				18468ABB1924928C00F90480 /* IPAppDelegate.m */,
				18468ABD1924928C00F90480 /* Main.storyboard */,
				18468AC01924928D00F90480 /* IPViewController.h */,
				18468AC11924928D00F90480 /* IPViewController.m */,
				18468AC31924928D00F90480 /* Images.xcassets */,
				18996C771927415200F547D5 /* Resources */,
				18468AB21924928C00F90480 /* Supporting Files */,
			);
			path = IPSqueezableViewController;
			sourceTree = "<group>";
		};
		18468AB21924928C00F90480 /* Supporting Files */ = {
			isa = PBXGroup;
			children = (
				18468AB31924928C00F90480 /* IPSqueezableViewController-Info.plist */,
				18468AB41924928C00F90480 /* InfoPlist.strings */,
				18468AB71924928C00F90480 /* main.m */,
				18468AB91924928C00F90480 /* IPSqueezableViewController-Prefix.pch */,
			);
			name = "Supporting Files";
			sourceTree = "<group>";
		};
		18468AD01924928D00F90480 /* IPSqueezableViewControllerTests */ = {
			isa = PBXGroup;
			children = (
				18468AD61924928D00F90480 /* IPSqueezableViewControllerTests.m */,
				18468AD11924928D00F90480 /* Supporting Files */,
			);
			path = IPSqueezableViewControllerTests;
			sourceTree = "<group>";
		};
		18468AD11924928D00F90480 /* Supporting Files */ = {
			isa = PBXGroup;
			children = (
				18468AD21924928D00F90480 /* IPSqueezableViewControllerTests-Info.plist */,
				18468AD31924928D00F90480 /* InfoPlist.strings */,
			);
			name = "Supporting Files";
			sourceTree = "<group>";
		};
		18996C721927410C00F547D5 /* Classes */ = {
			isa = PBXGroup;
			children = (
				18996C731927410C00F547D5 /* IPNavBarSqueezableViewController.h */,
				18996C741927410C00F547D5 /* IPNavBarSqueezableViewController.m */,
			);
			name = Classes;
			path = ../../Classes;
			sourceTree = "<group>";
		};
		18996C771927415200F547D5 /* Resources */ = {
			isa = PBXGroup;
			children = (
				18996C781927415200F547D5 /* backButton.png */,
				18996C791927415200F547D5 /* backButton@2x.png */,
				18996C7A1927415200F547D5 /* invisibleBackButton.png */,
				18996C7B1927415200F547D5 /* invisibleBackButton@2x.png */,
			);
			name = Resources;
			path = ../../Resources;
			sourceTree = "<group>";
		};
/* End PBXGroup section */

/* Begin PBXNativeTarget section */
		18468AA71924928C00F90480 /* IPSqueezableViewController */ = {
			isa = PBXNativeTarget;
			buildConfigurationList = 18468ADA1924928D00F90480 /* Build configuration list for PBXNativeTarget "IPSqueezableViewController" */;
			buildPhases = (
				18468AA41924928C00F90480 /* Sources */,
				18468AA51924928C00F90480 /* Frameworks */,
				18468AA61924928C00F90480 /* Resources */,
			);
			buildRules = (
			);
			dependencies = (
			);
			name = IPSqueezableViewController;
			productName = IPSqueezableViewController;
			productReference = 18468AA81924928C00F90480 /* IPSqueezableViewController.app */;
			productType = "com.apple.product-type.application";
		};
		18468AC81924928D00F90480 /* IPSqueezableViewControllerTests */ = {
			isa = PBXNativeTarget;
			buildConfigurationList = 18468ADD1924928D00F90480 /* Build configuration list for PBXNativeTarget "IPSqueezableViewControllerTests" */;
			buildPhases = (
				18468AC51924928D00F90480 /* Sources */,
				18468AC61924928D00F90480 /* Frameworks */,
				18468AC71924928D00F90480 /* Resources */,
			);
			buildRules = (
			);
			dependencies = (
				18468ACF1924928D00F90480 /* PBXTargetDependency */,
			);
			name = IPSqueezableViewControllerTests;
			productName = IPSqueezableViewControllerTests;
			productReference = 18468AC91924928D00F90480 /* IPSqueezableViewControllerTests.xctest */;
			productType = "com.apple.product-type.bundle.unit-test";
		};
/* End PBXNativeTarget section */

/* Begin PBXProject section */
		18468AA01924928C00F90480 /* Project object */ = {
			isa = PBXProject;
			attributes = {
				CLASSPREFIX = IP;
				LastUpgradeCheck = 0510;
				ORGANIZATIONNAME = shotdoor;
				TargetAttributes = {
					18468AC81924928D00F90480 = {
						TestTargetID = 18468AA71924928C00F90480;
					};
				};
			};
			buildConfigurationList = 18468AA31924928C00F90480 /* Build configuration list for PBXProject "IPSqueezableViewController" */;
			compatibilityVersion = "Xcode 3.2";
			developmentRegion = English;
			hasScannedForEncodings = 0;
			knownRegions = (
				en,
				Base,
			);
			mainGroup = 18468A9F1924928C00F90480;
			productRefGroup = 18468AA91924928C00F90480 /* Products */;
			projectDirPath = "";
			projectRoot = "";
			targets = (
				18468AA71924928C00F90480 /* IPSqueezableViewController */,
				18468AC81924928D00F90480 /* IPSqueezableViewControllerTests */,
			);
		};
/* End PBXProject section */

/* Begin PBXResourcesBuildPhase section */
		18468AA61924928C00F90480 /* Resources */ = {
			isa = PBXResourcesBuildPhase;
			buildActionMask = 2147483647;
			files = (
				18468AC41924928D00F90480 /* Images.xcassets in Resources */,
				18468AB61924928C00F90480 /* InfoPlist.strings in Resources */,
				18996C7D1927415200F547D5 /* backButton@2x.png in Resources */,
				18996C7F1927415200F547D5 /* invisibleBackButton@2x.png in Resources */,
				18996C7C1927415200F547D5 /* backButton.png in Resources */,
				18996C7E1927415200F547D5 /* invisibleBackButton.png in Resources */,
				18468ABF1924928C00F90480 /* Main.storyboard in Resources */,
			);
			runOnlyForDeploymentPostprocessing = 0;
		};
		18468AC71924928D00F90480 /* Resources */ = {
			isa = PBXResourcesBuildPhase;
			buildActionMask = 2147483647;
			files = (
				18468AD51924928D00F90480 /* InfoPlist.strings in Resources */,
			);
			runOnlyForDeploymentPostprocessing = 0;
		};
/* End PBXResourcesBuildPhase section */

/* Begin PBXSourcesBuildPhase section */
		18468AA41924928C00F90480 /* Sources */ = {
			isa = PBXSourcesBuildPhase;
			buildActionMask = 2147483647;
			files = (
				18468AB81924928C00F90480 /* main.m in Sources */,
				18996C761927410C00F547D5 /* IPNavBarSqueezableViewController.m in Sources */,
				18468ABC1924928C00F90480 /* IPAppDelegate.m in Sources */,
				18468AC21924928D00F90480 /* IPViewController.m in Sources */,
				18996C751927410C00F547D5 /* IPNavBarSqueezableViewController.h in Sources */,
			);
			runOnlyForDeploymentPostprocessing = 0;
		};
		18468AC51924928D00F90480 /* Sources */ = {
			isa = PBXSourcesBuildPhase;
			buildActionMask = 2147483647;
			files = (
				18468AD71924928D00F90480 /* IPSqueezableViewControllerTests.m in Sources */,
			);
			runOnlyForDeploymentPostprocessing = 0;
		};
/* End PBXSourcesBuildPhase section */

/* Begin PBXTargetDependency section */
		18468ACF1924928D00F90480 /* PBXTargetDependency */ = {
			isa = PBXTargetDependency;
			target = 18468AA71924928C00F90480 /* IPSqueezableViewController */;
			targetProxy = 18468ACE1924928D00F90480 /* PBXContainerItemProxy */;
		};
/* End PBXTargetDependency section */

/* Begin PBXVariantGroup section */
		18468AB41924928C00F90480 /* InfoPlist.strings */ = {
			isa = PBXVariantGroup;
			children = (
				18468AB51924928C00F90480 /* en */,
			);
			name = InfoPlist.strings;
			sourceTree = "<group>";
		};
		18468ABD1924928C00F90480 /* Main.storyboard */ = {
			isa = PBXVariantGroup;
			children = (
				18468ABE1924928C00F90480 /* Base */,
			);
			name = Main.storyboard;
			sourceTree = "<group>";
		};
		18468AD31924928D00F90480 /* InfoPlist.strings */ = {
			isa = PBXVariantGroup;
			children = (
				18468AD41924928D00F90480 /* en */,
			);
			name = InfoPlist.strings;
			sourceTree = "<group>";
		};
/* End PBXVariantGroup section */

/* Begin XCBuildConfiguration section */
		18468AD81924928D00F90480 /* Debug */ = {
			isa = XCBuildConfiguration;
			buildSettings = {
				ALWAYS_SEARCH_USER_PATHS = NO;
				CLANG_CXX_LANGUAGE_STANDARD = "gnu++0x";
				CLANG_CXX_LIBRARY = "libc++";
				CLANG_ENABLE_MODULES = YES;
				CLANG_ENABLE_OBJC_ARC = YES;
				CLANG_WARN_BOOL_CONVERSION = YES;
				CLANG_WARN_CONSTANT_CONVERSION = YES;
				CLANG_WARN_DIRECT_OBJC_ISA_USAGE = YES_ERROR;
				CLANG_WARN_EMPTY_BODY = YES;
				CLANG_WARN_ENUM_CONVERSION = YES;
				CLANG_WARN_INT_CONVERSION = YES;
				CLANG_WARN_OBJC_ROOT_CLASS = YES_ERROR;
				CLANG_WARN__DUPLICATE_METHOD_MATCH = YES;
				"CODE_SIGN_IDENTITY[sdk=iphoneos*]" = "iPhone Developer";
				COPY_PHASE_STRIP = NO;
				GCC_C_LANGUAGE_STANDARD = gnu99;
				GCC_DYNAMIC_NO_PIC = NO;
				GCC_OPTIMIZATION_LEVEL = 0;
				GCC_PREPROCESSOR_DEFINITIONS = (
					"DEBUG=1",
					"$(inherited)",
				);
				GCC_SYMBOLS_PRIVATE_EXTERN = NO;
				GCC_WARN_64_TO_32_BIT_CONVERSION = YES;
				GCC_WARN_ABOUT_RETURN_TYPE = YES_ERROR;
				GCC_WARN_UNDECLARED_SELECTOR = YES;
				GCC_WARN_UNINITIALIZED_AUTOS = YES_AGGRESSIVE;
				GCC_WARN_UNUSED_FUNCTION = YES;
				GCC_WARN_UNUSED_VARIABLE = YES;
				IPHONEOS_DEPLOYMENT_TARGET = 7.1;
				ONLY_ACTIVE_ARCH = YES;
				SDKROOT = iphoneos;
			};
			name = Debug;
		};
		18468AD91924928D00F90480 /* Release */ = {
			isa = XCBuildConfiguration;
			buildSettings = {
				ALWAYS_SEARCH_USER_PATHS = NO;
				CLANG_CXX_LANGUAGE_STANDARD = "gnu++0x";
				CLANG_CXX_LIBRARY = "libc++";
				CLANG_ENABLE_MODULES = YES;
				CLANG_ENABLE_OBJC_ARC = YES;
				CLANG_WARN_BOOL_CONVERSION = YES;
				CLANG_WARN_CONSTANT_CONVERSION = YES;
				CLANG_WARN_DIRECT_OBJC_ISA_USAGE = YES_ERROR;
				CLANG_WARN_EMPTY_BODY = YES;
				CLANG_WARN_ENUM_CONVERSION = YES;
				CLANG_WARN_INT_CONVERSION = YES;
				CLANG_WARN_OBJC_ROOT_CLASS = YES_ERROR;
				CLANG_WARN__DUPLICATE_METHOD_MATCH = YES;
				"CODE_SIGN_IDENTITY[sdk=iphoneos*]" = "iPhone Developer";
				COPY_PHASE_STRIP = YES;
				ENABLE_NS_ASSERTIONS = NO;
				GCC_C_LANGUAGE_STANDARD = gnu99;
				GCC_WARN_64_TO_32_BIT_CONVERSION = YES;
				GCC_WARN_ABOUT_RETURN_TYPE = YES_ERROR;
				GCC_WARN_UNDECLARED_SELECTOR = YES;
				GCC_WARN_UNINITIALIZED_AUTOS = YES_AGGRESSIVE;
				GCC_WARN_UNUSED_FUNCTION = YES;
				GCC_WARN_UNUSED_VARIABLE = YES;
				IPHONEOS_DEPLOYMENT_TARGET = 7.1;
				SDKROOT = iphoneos;
				VALIDATE_PRODUCT = YES;
			};
			name = Release;
		};
		18468ADB1924928D00F90480 /* Debug */ = {
			isa = XCBuildConfiguration;
			buildSettings = {
				ASSETCATALOG_COMPILER_APPICON_NAME = AppIcon;
				ASSETCATALOG_COMPILER_LAUNCHIMAGE_NAME = LaunchImage;
				GCC_PRECOMPILE_PREFIX_HEADER = YES;
				GCC_PREFIX_HEADER = "IPSqueezableViewController/IPSqueezableViewController-Prefix.pch";
				INFOPLIST_FILE = "IPSqueezableViewController/IPSqueezableViewController-Info.plist";
				PRODUCT_NAME = "$(TARGET_NAME)";
				WRAPPER_EXTENSION = app;
			};
			name = Debug;
		};
		18468ADC1924928D00F90480 /* Release */ = {
			isa = XCBuildConfiguration;
			buildSettings = {
				ASSETCATALOG_COMPILER_APPICON_NAME = AppIcon;
				ASSETCATALOG_COMPILER_LAUNCHIMAGE_NAME = LaunchImage;
				GCC_PRECOMPILE_PREFIX_HEADER = YES;
				GCC_PREFIX_HEADER = "IPSqueezableViewController/IPSqueezableViewController-Prefix.pch";
				INFOPLIST_FILE = "IPSqueezableViewController/IPSqueezableViewController-Info.plist";
				PRODUCT_NAME = "$(TARGET_NAME)";
				WRAPPER_EXTENSION = app;
			};
			name = Release;
		};
		18468ADE1924928D00F90480 /* Debug */ = {
			isa = XCBuildConfiguration;
			buildSettings = {
				BUNDLE_LOADER = "$(BUILT_PRODUCTS_DIR)/IPSqueezableViewController.app/IPSqueezableViewController";
				FRAMEWORK_SEARCH_PATHS = (
					"$(SDKROOT)/Developer/Library/Frameworks",
					"$(inherited)",
					"$(DEVELOPER_FRAMEWORKS_DIR)",
				);
				GCC_PRECOMPILE_PREFIX_HEADER = YES;
				GCC_PREFIX_HEADER = "IPSqueezableViewController/IPSqueezableViewController-Prefix.pch";
				GCC_PREPROCESSOR_DEFINITIONS = (
					"DEBUG=1",
					"$(inherited)",
				);
				INFOPLIST_FILE = "IPSqueezableViewControllerTests/IPSqueezableViewControllerTests-Info.plist";
				PRODUCT_NAME = "$(TARGET_NAME)";
				TEST_HOST = "$(BUNDLE_LOADER)";
				WRAPPER_EXTENSION = xctest;
			};
			name = Debug;
		};
		18468ADF1924928D00F90480 /* Release */ = {
			isa = XCBuildConfiguration;
			buildSettings = {
				BUNDLE_LOADER = "$(BUILT_PRODUCTS_DIR)/IPSqueezableViewController.app/IPSqueezableViewController";
				FRAMEWORK_SEARCH_PATHS = (
					"$(SDKROOT)/Developer/Library/Frameworks",
					"$(inherited)",
					"$(DEVELOPER_FRAMEWORKS_DIR)",
				);
				GCC_PRECOMPILE_PREFIX_HEADER = YES;
				GCC_PREFIX_HEADER = "IPSqueezableViewController/IPSqueezableViewController-Prefix.pch";
				INFOPLIST_FILE = "IPSqueezableViewControllerTests/IPSqueezableViewControllerTests-Info.plist";
				PRODUCT_NAME = "$(TARGET_NAME)";
				TEST_HOST = "$(BUNDLE_LOADER)";
				WRAPPER_EXTENSION = xctest;
			};
			name = Release;
		};
/* End XCBuildConfiguration section */

/* Begin XCConfigurationList section */
		18468AA31924928C00F90480 /* Build configuration list for PBXProject "IPSqueezableViewController" */ = {
			isa = XCConfigurationList;
			buildConfigurations = (
				18468AD81924928D00F90480 /* Debug */,
				18468AD91924928D00F90480 /* Release */,
			);
			defaultConfigurationIsVisible = 0;
			defaultConfigurationName = Release;
		};
		18468ADA1924928D00F90480 /* Build configuration list for PBXNativeTarget "IPSqueezableViewController" */ = {
			isa = XCConfigurationList;
			buildConfigurations = (
				18468ADB1924928D00F90480 /* Debug */,
				18468ADC1924928D00F90480 /* Release */,
			);
			defaultConfigurationIsVisible = 0;
			defaultConfigurationName = Release;
		};
		18468ADD1924928D00F90480 /* Build configuration list for PBXNativeTarget "IPSqueezableViewControllerTests" */ = {
			isa = XCConfigurationList;
			buildConfigurations = (
				18468ADE1924928D00F90480 /* Debug */,
				18468ADF1924928D00F90480 /* Release */,
			);
			defaultConfigurationIsVisible = 0;
			defaultConfigurationName = Release;
		};
/* End XCConfigurationList section */
	};
	rootObject = 18468AA01924928C00F90480 /* Project object */;
}
